<Solution>
  <Folder Name="/Solution Items/">
    <File Path=".editorconfig" />
    <File Path="Directory.Build.props" />
    <File Path="global.json" />
    <File Path="README.md" />
  </Folder>
  <Project Path="samples/SimpleRetrySample/SimpleRetrySample.csproj" />
  <Project Path="src/SimpleRetry/SimpleRetry.csproj" />
</Solution>
